
Microsoft Visual Studio Solution File, Format Version 12.00
# Visual Studio 15
Project("{FAE04EC0-301F-11D3-BF4B-00C04F79EFBC}") = "VuforiaScripts", "VuforiaScripts.csproj", "{4985BFD8-C42A-560B-F85F-56FC522B5120}"
EndProject
Project("{FAE04EC0-301F-11D3-BF4B-00C04F79EFBC}") = "Assembly-CSharp", "Assembly-CSharp.csproj", "{8ED25EC5-8001-890F-0CFA-B8952F4F5360}"
EndProject
Project("{FAE04EC0-301F-11D3-BF4B-00C04F79EFBC}") = "Assembly-CSharp-Editor", "Assembly-CSharp-Editor.csproj", "{9AA23DD8-1EE2-595B-CEBF-1E1D8496E48E}"
EndProject
Project("{FAE04EC0-301F-11D3-BF4B-00C04F79EFBC}") = "VuforiaEditorScripts", "VuforiaEditorScripts.csproj", "{8E4DFCBB-E23F-877E-A05B-5E8C062CF9E7}"
EndProject
Global
	GlobalSection(SolutionConfigurationPlatforms) = preSolution
		Debug|Any CPU = Debug|Any CPU
		Release|Any CPU = Release|Any CPU
	EndGlobalSection
	GlobalSection(ProjectConfigurationPlatforms) = postSolution
		{4985BFD8-C42A-560B-F85F-56FC522B5120}.Debug|Any CPU.ActiveCfg = Debug|Any CPU
		{4985BFD8-C42A-560B-F85F-56FC522B5120}.Debug|Any CPU.Build.0 = Debug|Any CPU
		{4985BFD8-C42A-560B-F85F-56FC522B5120}.Release|Any CPU.ActiveCfg = Release|Any CPU
		{4985BFD8-C42A-560B-F85F-56FC522B5120}.Release|Any CPU.Build.0 = Release|Any CPU
		{8ED25EC5-8001-890F-0CFA-B8952F4F5360}.Debug|Any CPU.ActiveCfg = Debug|Any CPU
		{8ED25EC5-8001-890F-0CFA-B8952F4F5360}.Debug|Any CPU.Build.0 = Debug|Any CPU
		{8ED25EC5-8001-890F-0CFA-B8952F4F5360}.Release|Any CPU.ActiveCfg = Release|Any CPU
		{8ED25EC5-8001-890F-0CFA-B8952F4F5360}.Release|Any CPU.Build.0 = Release|Any CPU
		{9AA23DD8-1EE2-595B-CEBF-1E1D8496E48E}.Debug|Any CPU.ActiveCfg = Debug|Any CPU
		{9AA23DD8-1EE2-595B-CEBF-1E1D8496E48E}.Debug|Any CPU.Build.0 = Debug|Any CPU
		{9AA23DD8-1EE2-595B-CEBF-1E1D8496E48E}.Release|Any CPU.ActiveCfg = Release|Any CPU
		{9AA23DD8-1EE2-595B-CEBF-1E1D8496E48E}.Release|Any CPU.Build.0 = Release|Any CPU
		{8E4DFCBB-E23F-877E-A05B-5E8C062CF9E7}.Debug|Any CPU.ActiveCfg = Debug|Any CPU
		{8E4DFCBB-E23F-877E-A05B-5E8C062CF9E7}.Debug|Any CPU.Build.0 = Debug|Any CPU
		{8E4DFCBB-E23F-877E-A05B-5E8C062CF9E7}.Release|Any CPU.ActiveCfg = Release|Any CPU
		{8E4DFCBB-E23F-877E-A05B-5E8C062CF9E7}.Release|Any CPU.Build.0 = Release|Any CPU
	EndGlobalSection
	GlobalSection(SolutionProperties) = preSolution
		HideSolutionNode = FALSE
	EndGlobalSection
EndGlobal
